
Microsoft Visual Studio Solution File, Format Version 12.00
# Visual Studio Version 16
VisualStudioVersion = 16.0.31424.327
MinimumVisualStudioVersion = 10.0.40219.1
Project("{FAE04EC0-301F-11D3-BF4B-00C04F79EFBC}") = "Ch05_prj3_Guessing_Game", "Ch05_prj3_Guessing_Game\Ch05_prj3_Guessing_Game.csproj", "{A8D8DEDE-20CC-4653-8718-E2E91B478574}"
EndProject
Global
	GlobalSection(SolutionConfigurationPlatforms) = preSolution
		Debug|Any CPU = Debug|Any CPU
		Release|Any CPU = Release|Any CPU
	EndGlobalSection
	GlobalSection(ProjectConfigurationPlatforms) = postSolution
		{A8D8DEDE-20CC-4653-8718-E2E91B478574}.Debug|Any CPU.ActiveCfg = Debug|Any CPU
		{A8D8DEDE-20CC-4653-8718-E2E91B478574}.Debug|Any CPU.Build.0 = Debug|Any CPU
		{A8D8DEDE-20CC-4653-8718-E2E91B478574}.Release|Any CPU.ActiveCfg = Release|Any CPU
		{A8D8DEDE-20CC-4653-8718-E2E91B478574}.Release|Any CPU.Build.0 = Release|Any CPU
	EndGlobalSection
	GlobalSection(SolutionProperties) = preSolution
		HideSolutionNode = FALSE
	EndGlobalSection
	GlobalSection(ExtensibilityGlobals) = postSolution
		SolutionGuid = {89F63B9E-5CE8-4E42-9007-0CB5CF9E6D18}
	EndGlobalSection
EndGlobal
