
Microsoft Visual Studio Solution File, Format Version 12.00
# Visual Studio Version 16
VisualStudioVersion = 16.0.31205.134
MinimumVisualStudioVersion = 10.0.40219.1
Project("{FAE04EC0-301F-11D3-BF4B-00C04F79EFBC}") = "Banking", "Banking\Banking.csproj", "{6512256E-38A6-4868-993B-3E14B566C05B}"
EndProject
Global
	GlobalSection(SolutionConfigurationPlatforms) = preSolution
		Debug|Any CPU = Debug|Any CPU
		Release|Any CPU = Release|Any CPU
	EndGlobalSection
	GlobalSection(ProjectConfigurationPlatforms) = postSolution
		{6512256E-38A6-4868-993B-3E14B566C05B}.Debug|Any CPU.ActiveCfg = Debug|Any CPU
		{6512256E-38A6-4868-993B-3E14B566C05B}.Debug|Any CPU.Build.0 = Debug|Any CPU
		{6512256E-38A6-4868-993B-3E14B566C05B}.Release|Any CPU.ActiveCfg = Release|Any CPU
		{6512256E-38A6-4868-993B-3E14B566C05B}.Release|Any CPU.Build.0 = Release|Any CPU
	EndGlobalSection
	GlobalSection(SolutionProperties) = preSolution
		HideSolutionNode = FALSE
	EndGlobalSection
	GlobalSection(ExtensibilityGlobals) = postSolution
		SolutionGuid = {FFE0D9A2-E9ED-468A-8EEE-19005331F147}
	EndGlobalSection
EndGlobal
