
Microsoft Visual Studio Solution File, Format Version 12.00
# Visual Studio Version 16
VisualStudioVersion = 16.0.31424.327
MinimumVisualStudioVersion = 10.0.40219.1
Project("{FAE04EC0-301F-11D3-BF4B-00C04F79EFBC}") = "EntityFrameworkCoreTutorial", "EntityFrameworkCoreTutorial\EntityFrameworkCoreTutorial.csproj", "{44DC7EAE-88BE-4F12-BAB7-235F2B394E50}"
EndProject
Global
	GlobalSection(SolutionConfigurationPlatforms) = preSolution
		Debug|Any CPU = Debug|Any CPU
		Release|Any CPU = Release|Any CPU
	EndGlobalSection
	GlobalSection(ProjectConfigurationPlatforms) = postSolution
		{44DC7EAE-88BE-4F12-BAB7-235F2B394E50}.Debug|Any CPU.ActiveCfg = Debug|Any CPU
		{44DC7EAE-88BE-4F12-BAB7-235F2B394E50}.Debug|Any CPU.Build.0 = Debug|Any CPU
		{44DC7EAE-88BE-4F12-BAB7-235F2B394E50}.Release|Any CPU.ActiveCfg = Release|Any CPU
		{44DC7EAE-88BE-4F12-BAB7-235F2B394E50}.Release|Any CPU.Build.0 = Release|Any CPU
	EndGlobalSection
	GlobalSection(SolutionProperties) = preSolution
		HideSolutionNode = FALSE
	EndGlobalSection
	GlobalSection(ExtensibilityGlobals) = postSolution
		SolutionGuid = {C18764E8-5FE4-4CCD-A524-D9486F9982DB}
	EndGlobalSection
EndGlobal
